
Microsoft Visual Studio Solution File, Format Version 12.00
# Visual Studio Version 17
VisualStudioVersion = 17.11.35312.102
MinimumVisualStudioVersion = 10.0.40219.1
Project("{FAE04EC0-301F-11D3-BF4B-00C04F79EFBC}") = "Bardez.Biotech.GenepackReprocessor.Recycle", "Bardez.Biotech.GenepackReprocessor.Recycle\Bardez.Biotech.GenepackReprocessor.Recycle.csproj", "{6AA0A073-3C26-4F09-B18F-74355E7445CC}"
EndProject
Global
	GlobalSection(SolutionConfigurationPlatforms) = preSolution
		Debug|Any CPU = Debug|Any CPU
		Release|Any CPU = Release|Any CPU
	EndGlobalSection
	GlobalSection(ProjectConfigurationPlatforms) = postSolution
		{6AA0A073-3C26-4F09-B18F-74355E7445CC}.Debug|Any CPU.ActiveCfg = Debug|Any CPU
		{6AA0A073-3C26-4F09-B18F-74355E7445CC}.Debug|Any CPU.Build.0 = Debug|Any CPU
		{6AA0A073-3C26-4F09-B18F-74355E7445CC}.Release|Any CPU.ActiveCfg = Release|Any CPU
		{6AA0A073-3C26-4F09-B18F-74355E7445CC}.Release|Any CPU.Build.0 = Release|Any CPU
	EndGlobalSection
	GlobalSection(SolutionProperties) = preSolution
		HideSolutionNode = FALSE
	EndGlobalSection
	GlobalSection(ExtensibilityGlobals) = postSolution
		SolutionGuid = {1C6FE491-1B95-42D9-AB89-AD0C3A5A554D}
	EndGlobalSection
EndGlobal
